{
  "name": "wefer_term",
  "version": "1.0.0",
  "lockfileVersion": 3,
  "requires": true,
  "packages": {
    "": {
      "name": "wefer_term",
      "version": "1.0.0",
      "license": "ISC",
      "dependencies": {
        "node-pty": "^1.1.0"
      },
      "devDependencies": {
        "@electron/rebuild": "^3.7.2",
        "concurrently": "^10.0.3",
        "electron": "^41.7.1",
        "electron-builder": "^25.1.8",
        "wait-on": "^9.0.10"
      }
    }
  },
  "_note": "This lockfile is a functional placeholder pushed by automation; run npm install locally to regenerate the full lockfile with all transitive dependencies."
}
